
Microsoft Visual Studio Solution File, Format Version 12.00
# Visual Studio 14
VisualStudioVersion = 14.0.24720.0
MinimumVisualStudioVersion = 10.0.40219.1
Project("{F2A71F9B-5D33-465A-A702-920D77279786}") = "StockFighter.Api", "StockFighter.Api\StockFighter.Api.fsproj", "{6D18EA95-F87E-43E1-A673-70D4B92AD7F0}"
EndProject
Project("{F2A71F9B-5D33-465A-A702-920D77279786}") = "StockFighter.Solutions", "StockFighter.Solutions\StockFighter.Solutions.fsproj", "{77659DE3-A674-479C-84FD-F9D5EE1353CB}"
EndProject
Project("{2150E333-8FDC-42A3-9474-1A3956D46DE8}") = "Solution Items", "Solution Items", "{1CDA0F15-2438-45A8-B8F0-F0FA194A133D}"
	ProjectSection(SolutionItems) = preProject
		paket.dependencies = paket.dependencies
		paket.lock = paket.lock
		README.md = README.md
	EndProjectSection
EndProject
Global
	GlobalSection(SolutionConfigurationPlatforms) = preSolution
		Debug|Any CPU = Debug|Any CPU
		Release|Any CPU = Release|Any CPU
	EndGlobalSection
	GlobalSection(ProjectConfigurationPlatforms) = postSolution
		{6D18EA95-F87E-43E1-A673-70D4B92AD7F0}.Debug|Any CPU.ActiveCfg = Debug|Any CPU
		{6D18EA95-F87E-43E1-A673-70D4B92AD7F0}.Debug|Any CPU.Build.0 = Debug|Any CPU
		{6D18EA95-F87E-43E1-A673-70D4B92AD7F0}.Release|Any CPU.ActiveCfg = Release|Any CPU
		{6D18EA95-F87E-43E1-A673-70D4B92AD7F0}.Release|Any CPU.Build.0 = Release|Any CPU
		{77659DE3-A674-479C-84FD-F9D5EE1353CB}.Debug|Any CPU.ActiveCfg = Debug|Any CPU
		{77659DE3-A674-479C-84FD-F9D5EE1353CB}.Debug|Any CPU.Build.0 = Debug|Any CPU
		{77659DE3-A674-479C-84FD-F9D5EE1353CB}.Release|Any CPU.ActiveCfg = Release|Any CPU
		{77659DE3-A674-479C-84FD-F9D5EE1353CB}.Release|Any CPU.Build.0 = Release|Any CPU
	EndGlobalSection
	GlobalSection(SolutionProperties) = preSolution
		HideSolutionNode = FALSE
	EndGlobalSection
EndGlobal
